// !$*UTF8*$!
{
	archiveVersion = 1;
	classes = {
	};
	objectVersion = 50;
	objects = {

/* Begin PBXBuildFile section */
		EBD340B82659415700F70E5D /* AppDelegate.swift in Sources */ = {isa = PBXBuildFile; fileRef = EBD340B72659415700F70E5D /* AppDelegate.swift */; };
		EBD340BA2659415700F70E5D /* SceneDelegate.swift in Sources */ = {isa = PBXBuildFile; fileRef = EBD340B92659415700F70E5D /* SceneDelegate.swift */; };
		EBD340BC2659415700F70E5D /* CreateMemeVC.swift in Sources */ = {isa = PBXBuildFile; fileRef = EBD340BB2659415700F70E5D /* CreateMemeVC.swift */; };
		EBD340BF2659415700F70E5D /* Main.storyboard in Resources */ = {isa = PBXBuildFile; fileRef = EBD340BD2659415700F70E5D /* Main.storyboard */; };
		EBD340C12659415E00F70E5D /* Assets.xcassets in Resources */ = {isa = PBXBuildFile; fileRef = EBD340C02659415E00F70E5D /* Assets.xcassets */; };
		EBD340C42659415E00F70E5D /* LaunchScreen.storyboard in Resources */ = {isa = PBXBuildFile; fileRef = EBD340C22659415E00F70E5D /* LaunchScreen.storyboard */; };
		EBD63D44265C065D0023C821 /* TextFieldDelegate.swift in Sources */ = {isa = PBXBuildFile; fileRef = EBD63D43265C065D0023C821 /* TextFieldDelegate.swift */; };
		EBD63D51265D527E0023C821 /* Model.swift in Sources */ = {isa = PBXBuildFile; fileRef = EBD63D50265D527E0023C821 /* Model.swift */; };
/* End PBXBuildFile section */

/* Begin PBXFileReference section */
		EBD340B42659415700F70E5D /* MeMe 1.0.app */ = {isa = PBXFileReference; explicitFileType = wrapper.application; includeInIndex = 0; path = "MeMe 1.0.app"; sourceTree = BUILT_PRODUCTS_DIR; };
		EBD340B72659415700F70E5D /* AppDelegate.swift */ = {isa = PBXFileReference; lastKnownFileType = sourcecode.swift; path = AppDelegate.swift; sourceTree = "<group>"; };
		EBD340B92659415700F70E5D /* SceneDelegate.swift */ = {isa = PBXFileReference; lastKnownFileType = sourcecode.swift; path = SceneDelegate.swift; sourceTree = "<group>"; };
		EBD340BB2659415700F70E5D /* CreateMemeVC.swift */ = {isa = PBXFileReference; lastKnownFileType = sourcecode.swift; path = CreateMemeVC.swift; sourceTree = "<group>"; };
		EBD340BE2659415700F70E5D /* Base */ = {isa = PBXFileReference; lastKnownFileType = file.storyboard; name = Base; path = Base.lproj/Main.storyboard; sourceTree = "<group>"; };
		EBD340C02659415E00F70E5D /* Assets.xcassets */ = {isa = PBXFileReference; lastKnownFileType = folder.assetcatalog; path = Assets.xcassets; sourceTree = "<group>"; };
		EBD340C32659415E00F70E5D /* Base */ = {isa = PBXFileReference; lastKnownFileType = file.storyboard; name = Base; path = Base.lproj/LaunchScreen.storyboard; sourceTree = "<group>"; };
		EBD340C52659415E00F70E5D /* Info.plist */ = {isa = PBXFileReference; lastKnownFileType = text.plist.xml; path = Info.plist; sourceTree = "<group>"; };
		EBD63D43265C065D0023C821 /* TextFieldDelegate.swift */ = {isa = PBXFileReference; lastKnownFileType = sourcecode.swift; path = TextFieldDelegate.swift; sourceTree = "<group>"; };
		EBD63D50265D527E0023C821 /* Model.swift */ = {isa = PBXFileReference; lastKnownFileType = sourcecode.swift; path = Model.swift; sourceTree = "<group>"; };
/* End PBXFileReference section */

/* Begin PBXFrameworksBuildPhase section */
		EBD340B12659415700F70E5D /* Frameworks */ = {
			isa = PBXFrameworksBuildPhase;
			buildActionMask = 2147483647;
			files = (
			);
			runOnlyForDeploymentPostprocessing = 0;
		};
/* End PBXFrameworksBuildPhase section */

/* Begin PBXGroup section */
		EBD340AB2659415700F70E5D = {
			isa = PBXGroup;
			children = (
				EBD340B62659415700F70E5D /* MeMe 1.0 */,
				EBD340B52659415700F70E5D /* Products */,
			);
			sourceTree = "<group>";
		};
		EBD340B52659415700F70E5D /* Products */ = {
			isa = PBXGroup;
			children = (
				EBD340B42659415700F70E5D /* MeMe 1.0.app */,
			);
			name = Products;
			sourceTree = "<group>";
		};
		EBD340B62659415700F70E5D /* MeMe 1.0 */ = {
			isa = PBXGroup;
			children = (
				EBD340B72659415700F70E5D /* AppDelegate.swift */,
				EBD340B92659415700F70E5D /* SceneDelegate.swift */,
				EBD340BB2659415700F70E5D /* CreateMemeVC.swift */,
				EBD63D50265D527E0023C821 /* Model.swift */,
				EBD63D43265C065D0023C821 /* TextFieldDelegate.swift */,
				EBD340BD2659415700F70E5D /* Main.storyboard */,
				EBD340C02659415E00F70E5D /* Assets.xcassets */,
				EBD340C22659415E00F70E5D /* LaunchScreen.storyboard */,
				EBD340C52659415E00F70E5D /* Info.plist */,
			);
			path = "MeMe 1.0";
			sourceTree = "<group>";
		};
/* End PBXGroup section */

/* Begin PBXNativeTarget section */
		EBD340B32659415700F70E5D /* MeMe 1.0 */ = {
			isa = PBXNativeTarget;
			buildConfigurationList = EBD340C82659415E00F70E5D /* Build configuration list for PBXNativeTarget "MeMe 1.0" */;
			buildPhases = (
				EBD340B02659415700F70E5D /* Sources */,
				EBD340B12659415700F70E5D /* Frameworks */,
				EBD340B22659415700F70E5D /* Resources */,
			);
			buildRules = (
			);
			dependencies = (
			);
			name = "MeMe 1.0";
			productName = "MeMe 1.0";
			productReference = EBD340B42659415700F70E5D /* MeMe 1.0.app */;
			productType = "com.apple.product-type.application";
		};
/* End PBXNativeTarget section */

/* Begin PBXProject section */
		EBD340AC2659415700F70E5D /* Project object */ = {
			isa = PBXProject;
			attributes = {
				LastSwiftUpdateCheck = 1240;
				LastUpgradeCheck = 1240;
				TargetAttributes = {
					EBD340B32659415700F70E5D = {
						CreatedOnToolsVersion = 12.4;
					};
				};
			};
			buildConfigurationList = EBD340AF2659415700F70E5D /* Build configuration list for PBXProject "MeMe 1.0" */;
			compatibilityVersion = "Xcode 9.3";
			developmentRegion = en;
			hasScannedForEncodings = 0;
			knownRegions = (
				en,
				Base,
			);
			mainGroup = EBD340AB2659415700F70E5D;
			productRefGroup = EBD340B52659415700F70E5D /* Products */;
			projectDirPath = "";
			projectRoot = "";
			targets = (
				EBD340B32659415700F70E5D /* MeMe 1.0 */,
			);
		};
/* End PBXProject section */

/* Begin PBXResourcesBuildPhase section */
		EBD340B22659415700F70E5D /* Resources */ = {
			isa = PBXResourcesBuildPhase;
			buildActionMask = 2147483647;
			files = (
				EBD340C42659415E00F70E5D /* LaunchScreen.storyboard in Resources */,
				EBD340C12659415E00F70E5D /* Assets.xcassets in Resources */,
				EBD340BF2659415700F70E5D /* Main.storyboard in Resources */,
			);
			runOnlyForDeploymentPostprocessing = 0;
		};
/* End PBXResourcesBuildPhase section */

/* Begin PBXSourcesBuildPhase section */
		EBD340B02659415700F70E5D /* Sources */ = {
			isa = PBXSourcesBuildPhase;
			buildActionMask = 2147483647;
			files = (
				EBD63D44265C065D0023C821 /* TextFieldDelegate.swift in Sources */,
				EBD340BC2659415700F70E5D /* CreateMemeVC.swift in Sources */,
				EBD340B82659415700F70E5D /* AppDelegate.swift in Sources */,
				EBD63D51265D527E0023C821 /* Model.swift in Sources */,
				EBD340BA2659415700F70E5D /* SceneDelegate.swift in Sources */,
			);
			runOnlyForDeploymentPostprocessing = 0;
		};
/* End PBXSourcesBuildPhase section */

/* Begin PBXVariantGroup section */
		EBD340BD2659415700F70E5D /* Main.storyboard */ = {
			isa = PBXVariantGroup;
			children = (
				EBD340BE2659415700F70E5D /* Base */,
			);
			name = Main.storyboard;
			sourceTree = "<group>";
		};
		EBD340C22659415E00F70E5D /* LaunchScreen.storyboard */ = {
			isa = PBXVariantGroup;
			children = (
				EBD340C32659415E00F70E5D /* Base */,
			);
			name = LaunchScreen.storyboard;
			sourceTree = "<group>";
		};
/* End PBXVariantGroup section */

/* Begin XCBuildConfiguration section */
		EBD340C62659415E00F70E5D /* Debug */ = {
			isa = XCBuildConfiguration;
			buildSettings = {
				ALWAYS_SEARCH_USER_PATHS = NO;
				CLANG_ANALYZER_NONNULL = YES;
				CLANG_ANALYZER_NUMBER_OBJECT_CONVERSION = YES_AGGRESSIVE;
				CLANG_CXX_LANGUAGE_STANDARD = "gnu++14";
				CLANG_CXX_LIBRARY = "libc++";
				CLANG_ENABLE_MODULES = YES;
				CLANG_ENABLE_OBJC_ARC = YES;
				CLANG_ENABLE_OBJC_WEAK = YES;
				CLANG_WARN_BLOCK_CAPTURE_AUTORELEASING = YES;
				CLANG_WARN_BOOL_CONVERSION = YES;
				CLANG_WARN_COMMA = YES;
				CLANG_WARN_CONSTANT_CONVERSION = YES;
				CLANG_WARN_DEPRECATED_OBJC_IMPLEMENTATIONS = YES;
				CLANG_WARN_DIRECT_OBJC_ISA_USAGE = YES_ERROR;
				CLANG_WARN_DOCUMENTATION_COMMENTS = YES;
				CLANG_WARN_EMPTY_BODY = YES;
				CLANG_WARN_ENUM_CONVERSION = YES;
				CLANG_WARN_INFINITE_RECURSION = YES;
				CLANG_WARN_INT_CONVERSION = YES;
				CLANG_WARN_NON_LITERAL_NULL_CONVERSION = YES;
				CLANG_WARN_OBJC_IMPLICIT_RETAIN_SELF = YES;
				CLANG_WARN_OBJC_LITERAL_CONVERSION = YES;
				CLANG_WARN_OBJC_ROOT_CLASS = YES_ERROR;
				CLANG_WARN_QUOTED_INCLUDE_IN_FRAMEWORK_HEADER = YES;
				CLANG_WARN_RANGE_LOOP_ANALYSIS = YES;
				CLANG_WARN_STRICT_PROTOTYPES = YES;
				CLANG_WARN_SUSPICIOUS_MOVE = YES;
				CLANG_WARN_UNGUARDED_AVAILABILITY = YES_AGGRESSIVE;
				CLANG_WARN_UNREACHABLE_CODE = YES;
				CLANG_WARN__DUPLICATE_METHOD_MATCH = YES;
				COPY_PHASE_STRIP = NO;
				DEBUG_INFORMATION_FORMAT = dwarf;
				ENABLE_STRICT_OBJC_MSGSEND = YES;
				ENABLE_TESTABILITY = YES;
				GCC_C_LANGUAGE_STANDARD = gnu11;
				GCC_DYNAMIC_NO_PIC = NO;
				GCC_NO_COMMON_BLOCKS = YES;
				GCC_OPTIMIZATION_LEVEL = 0;
				GCC_PREPROCESSOR_DEFINITIONS = (
					"DEBUG=1",
					"$(inherited)",
				);
				GCC_WARN_64_TO_32_BIT_CONVERSION = YES;
				GCC_WARN_ABOUT_RETURN_TYPE = YES_ERROR;
				GCC_WARN_UNDECLARED_SELECTOR = YES;
				GCC_WARN_UNINITIALIZED_AUTOS = YES_AGGRESSIVE;
				GCC_WARN_UNUSED_FUNCTION = YES;
				GCC_WARN_UNUSED_VARIABLE = YES;
				IPHONEOS_DEPLOYMENT_TARGET = 14.4;
				MTL_ENABLE_DEBUG_INFO = INCLUDE_SOURCE;
				MTL_FAST_MATH = YES;
				ONLY_ACTIVE_ARCH = YES;
				SDKROOT = iphoneos;
				SWIFT_ACTIVE_COMPILATION_CONDITIONS = DEBUG;
				SWIFT_OPTIMIZATION_LEVEL = "-Onone";
			};
			name = Debug;
		};
		EBD340C72659415E00F70E5D /* Release */ = {
			isa = XCBuildConfiguration;
			buildSettings = {
				ALWAYS_SEARCH_USER_PATHS = NO;
				CLANG_ANALYZER_NONNULL = YES;
				CLANG_ANALYZER_NUMBER_OBJECT_CONVERSION = YES_AGGRESSIVE;
				CLANG_CXX_LANGUAGE_STANDARD = "gnu++14";
				CLANG_CXX_LIBRARY = "libc++";
				CLANG_ENABLE_MODULES = YES;
				CLANG_ENABLE_OBJC_ARC = YES;
				CLANG_ENABLE_OBJC_WEAK = YES;
				CLANG_WARN_BLOCK_CAPTURE_AUTORELEASING = YES;
				CLANG_WARN_BOOL_CONVERSION = YES;
				CLANG_WARN_COMMA = YES;
				CLANG_WARN_CONSTANT_CONVERSION = YES;
				CLANG_WARN_DEPRECATED_OBJC_IMPLEMENTATIONS = YES;
				CLANG_WARN_DIRECT_OBJC_ISA_USAGE = YES_ERROR;
				CLANG_WARN_DOCUMENTATION_COMMENTS = YES;
				CLANG_WARN_EMPTY_BODY = YES;
				CLANG_WARN_ENUM_CONVERSION = YES;
				CLANG_WARN_INFINITE_RECURSION = YES;
				CLANG_WARN_INT_CONVERSION = YES;
				CLANG_WARN_NON_LITERAL_NULL_CONVERSION = YES;
				CLANG_WARN_OBJC_IMPLICIT_RETAIN_SELF = YES;
				CLANG_WARN_OBJC_LITERAL_CONVERSION = YES;
				CLANG_WARN_OBJC_ROOT_CLASS = YES_ERROR;
				CLANG_WARN_QUOTED_INCLUDE_IN_FRAMEWORK_HEADER = YES;
				CLANG_WARN_RANGE_LOOP_ANALYSIS = YES;
				CLANG_WARN_STRICT_PROTOTYPES = YES;
				CLANG_WARN_SUSPICIOUS_MOVE = YES;
				CLANG_WARN_UNGUARDED_AVAILABILITY = YES_AGGRESSIVE;
				CLANG_WARN_UNREACHABLE_CODE = YES;
				CLANG_WARN__DUPLICATE_METHOD_MATCH = YES;
				COPY_PHASE_STRIP = NO;
				DEBUG_INFORMATION_FORMAT = "dwarf-with-dsym";
				ENABLE_NS_ASSERTIONS = NO;
				ENABLE_STRICT_OBJC_MSGSEND = YES;
				GCC_C_LANGUAGE_STANDARD = gnu11;
				GCC_NO_COMMON_BLOCKS = YES;
				GCC_WARN_64_TO_32_BIT_CONVERSION = YES;
				GCC_WARN_ABOUT_RETURN_TYPE = YES_ERROR;
				GCC_WARN_UNDECLARED_SELECTOR = YES;
				GCC_WARN_UNINITIALIZED_AUTOS = YES_AGGRESSIVE;
				GCC_WARN_UNUSED_FUNCTION = YES;
				GCC_WARN_UNUSED_VARIABLE = YES;
				IPHONEOS_DEPLOYMENT_TARGET = 14.4;
				MTL_ENABLE_DEBUG_INFO = NO;
				MTL_FAST_MATH = YES;
				SDKROOT = iphoneos;
				SWIFT_COMPILATION_MODE = wholemodule;
				SWIFT_OPTIMIZATION_LEVEL = "-O";
				VALIDATE_PRODUCT = YES;
			};
			name = Release;
		};
		EBD340C92659415E00F70E5D /* Debug */ = {
			isa = XCBuildConfiguration;
			buildSettings = {
				ASSETCATALOG_COMPILER_APPICON_NAME = AppIcon;
				ASSETCATALOG_COMPILER_GLOBAL_ACCENT_COLOR_NAME = AccentColor;
				CODE_SIGN_STYLE = Automatic;
				INFOPLIST_FILE = "MeMe 1.0/Info.plist";
				LD_RUNPATH_SEARCH_PATHS = (
					"$(inherited)",
					"@executable_path/Frameworks",
				);
				PRODUCT_BUNDLE_IDENTIFIER = "com.appcoda.MeMe-1-0";
				PRODUCT_NAME = "$(TARGET_NAME)";
				SWIFT_VERSION = 5.0;
				TARGETED_DEVICE_FAMILY = "1,2";
			};
			name = Debug;
		};
		EBD340CA2659415E00F70E5D /* Release */ = {
			isa = XCBuildConfiguration;
			buildSettings = {
				ASSETCATALOG_COMPILER_APPICON_NAME = AppIcon;
				ASSETCATALOG_COMPILER_GLOBAL_ACCENT_COLOR_NAME = AccentColor;
				CODE_SIGN_STYLE = Automatic;
				INFOPLIST_FILE = "MeMe 1.0/Info.plist";
				LD_RUNPATH_SEARCH_PATHS = (
					"$(inherited)",
					"@executable_path/Frameworks",
				);
				PRODUCT_BUNDLE_IDENTIFIER = "com.appcoda.MeMe-1-0";
				PRODUCT_NAME = "$(TARGET_NAME)";
				SWIFT_VERSION = 5.0;
				TARGETED_DEVICE_FAMILY = "1,2";
			};
			name = Release;
		};
/* End XCBuildConfiguration section */

/* Begin XCConfigurationList section */
		EBD340AF2659415700F70E5D /* Build configuration list for PBXProject "MeMe 1.0" */ = {
			isa = XCConfigurationList;
			buildConfigurations = (
				EBD340C62659415E00F70E5D /* Debug */,
				EBD340C72659415E00F70E5D /* Release */,
			);
			defaultConfigurationIsVisible = 0;
			defaultConfigurationName = Release;
		};
		EBD340C82659415E00F70E5D /* Build configuration list for PBXNativeTarget "MeMe 1.0" */ = {
			isa = XCConfigurationList;
			buildConfigurations = (
				EBD340C92659415E00F70E5D /* Debug */,
				EBD340CA2659415E00F70E5D /* Release */,
			);
			defaultConfigurationIsVisible = 0;
			defaultConfigurationName = Release;
		};
/* End XCConfigurationList section */
	};
	rootObject = EBD340AC2659415700F70E5D /* Project object */;
}
